
Microsoft Visual Studio Solution File, Format Version 12.00
# Visual Studio 15
Project("{FAE04EC0-301F-11D3-BF4B-00C04F79EFBC}") = "Android", "Android\Android.csproj", "{045E93FC-0A5C-46A2-836A-C7C080F706AA}"
EndProject
Global
	GlobalSection(SolutionConfigurationPlatforms) = preSolution
		Debug|Any CPU = Debug|Any CPU
		Release|Any CPU = Release|Any CPU
	EndGlobalSection
	GlobalSection(ProjectConfigurationPlatforms) = postSolution
		{045E93FC-0A5C-46A2-836A-C7C080F706AA}.Debug|Any CPU.ActiveCfg = Debug|Any CPU
		{045E93FC-0A5C-46A2-836A-C7C080F706AA}.Debug|Any CPU.Build.0 = Debug|Any CPU
		{045E93FC-0A5C-46A2-836A-C7C080F706AA}.Release|Any CPU.ActiveCfg = Release|Any CPU
		{045E93FC-0A5C-46A2-836A-C7C080F706AA}.Release|Any CPU.Build.0 = Release|Any CPU
	EndGlobalSection
EndGlobal
